PODS:
  - AFNetworking (3.1.0):
    - AFNetworking/NSURLSession (= 3.1.0)
    - AFNetworking/Reachability (= 3.1.0)
    - AFNetworking/Security (= 3.1.0)
    - AFNetworking/Serialization (= 3.1.0)
    - AFNetworking/UIKit (= 3.1.0)
  - AFNetworking/NSURLSession (3.1.0):
    - AFNetworking/Reachability
    - AFNetworking/Security
    - AFNetworking/Serialization
  - AFNetworking/Reachability (3.1.0)
  - AFNetworking/Security (3.1.0)
  - AFNetworking/Serialization (3.1.0)
  - AFNetworking/UIKit (3.1.0):
    - AFNetworking/NSURLSession
  - YangNetworkHelper (0.1.0):
    - YangNetworkHelper/OC (= 0.1.0)
  - YangNetworkHelper/OC (0.1.0):
    - AFNetworking

DEPENDENCIES:
  - AFNetworking
  - YangNetworkHelper (from `../`)

EXTERNAL SOURCES:
  YangNetworkHelper:
    :path: "../"

SPEC CHECKSUMS:
  AFNetworking: 5e0e199f73d8626b11e79750991f5d173d1f8b67
  YangNetworkHelper: 9b7b564fd43a4be408d4821ca0e278d9014fd4aa

PODFILE CHECKSUM: 784d294bfa0032d483f9e61de1e7f655e25be2f7

COCOAPODS: 1.2.1
