PODS:
  - AFNetworking (3.1.0):
    - AFNetworking/NSURLSession (= 3.1.0)
    - AFNetworking/Reachability (= 3.1.0)
    - AFNetworking/Security (= 3.1.0)
    - AFNetworking/Serialization (= 3.1.0)
    - AFNetworking/UIKit (= 3.1.0)
  - AFNetworking/NSURLSession (3.1.0):
    - AFNetworking/Reachability
    - AFNetworking/Security
    - AFNetworking/Serialization
  - AFNetworking/Reachability (3.1.0)
  - AFNetworking/Security (3.1.0)
  - AFNetworking/Serialization (3.1.0)
  - AFNetworking/UIKit (3.1.0):
    - AFNetworking/NSURLSession
  - Alamofire (4.6.0)
  - YangNetworkHelper (0.1.0):
    - YangNetworkHelper/OC (= 0.1.0)
    - YangNetworkHelper/SWIFT (= 0.1.0)
  - YangNetworkHelper/OC (0.1.0):
    - AFNetworking
  - YangNetworkHelper/SWIFT (0.1.0):
    - Alamofire

DEPENDENCIES:
  - AFNetworking
  - YangNetworkHelper (from `../`)

EXTERNAL SOURCES:
  YangNetworkHelper:
    :path: "../"

SPEC CHECKSUMS:
  AFNetworking: 5e0e199f73d8626b11e79750991f5d173d1f8b67
  Alamofire: f41a599bd63041760b26d393ec1069d9d7b917f4
  YangNetworkHelper: 633bafb6d9004835e5d1d1e07a86d8fd20e3d1a9

PODFILE CHECKSUM: 784d294bfa0032d483f9e61de1e7f655e25be2f7

COCOAPODS: 1.2.1
